{
  "object": {
    "pins": [
      {
        "package": "swift-argument-parser",
        "repositoryURL": "https://github.com/apple/swift-argument-parser",
        "state": {
          "branch": null,
          "revision": "6b2aa2748a7881eebb9f84fb10c01293e15b52ca",
          "version": "0.5.0"
        }
      },
      {
        "package": "Benchmark",
        "repositoryURL": "https://github.com/google/swift-benchmark",
        "state": {
          "branch": null,
          "revision": "a0564bf88df5f94eec81348a2f089494c6b28d80",
          "version": "0.1.1"
        }
      },
      {
        "package": "swift-case-paths",
        "repositoryURL": "https://github.com/pointfreeco/swift-case-paths",
        "state": {
          "branch": null,
          "revision": "241301b67d8551c26d8f09bd2c0e52cc49f18007",
          "version": "0.8.0"
        }
      },
      {
        "package": "swift-parsing",
        "repositoryURL": "https://github.com/pointfreeco/swift-parsing",
        "state": {
          "branch": "printer-throws-2",
          "revision": "1617aa7a42184262040bad1f51db5ec2836f12e7",
          "version": null
        }
      },
      {
        "package": "XMLCoder",
        "repositoryURL": "https://github.com/MaxDesiatov/XMLCoder.git",
        "state": {
          "branch": null,
          "revision": "f30119af03996939cc4f54e0bf0dda9f88a84da5",
          "version": "0.13.1"
        }
      }
    ]
  },
  "version": 1
}
